{
    "_readme": [
        "This file locks the dependencies of your project to a known state",
        "Read more about it at https://getcomposer.org/doc/01-basic-usage.md#composer-lock-the-lock-file",
        "This file is @generated automatically"
    ],
    "hash": "20f5a0db499edcd95163b90a265ff750",
    "content-hash": "f40b4c32bef78f0d213ff2b830c5daf7",
    "packages": [
        {
            "name": "ifsnop/mysqldump-php",
            "version": "v2.1",
            "source": {
                "type": "git",
                "url": "https://github.com/ifsnop/mysqldump-php.git",
                "reference": "701024dd160f15796bed8130c3bdeb26c634785a"
            },
            "dist": {
                "type": "zip",
                "url": "https://api.github.com/repos/ifsnop/mysqldump-php/zipball/701024dd160f15796bed8130c3bdeb26c634785a",
                "reference": "701024dd160f15796bed8130c3bdeb26c634785a",
                "shasum": ""
            },
            "require": {
                "php": ">=5.3.0"
            },
            "require-dev": {
                "phpunit/phpunit": "3.7.*",
                "squizlabs/php_codesniffer": "1.*"
            },
            "type": "library",
            "autoload": {
                "psr-4": {
                    "Ifsnop\\": "src/Ifsnop/"
                }
            },
            "notification-url": "https://packagist.org/downloads/",
            "license": [
                "MIT"
            ],
            "authors": [
                {
                    "name": "Diego Torres",
                    "homepage": "https://github.com/ifsnop",
                    "role": "Developer"
                }
            ],
            "description": "This is a php version of linux's mysqldump in terminal \"$ mysqldump -u username -p...\"",
            "homepage": "https://github.com/ifsnop/mysqldump-php",
            "keywords": [
                "backup",
                "database",
                "dump",
                "export",
                "mysql",
                "mysqldump",
                "pdo",
                "sqlite"
            ],
            "time": "2015-10-19 15:58:11"
        }
    ],
    "packages-dev": [],
    "aliases": [],
    "minimum-stability": "stable",
    "stability-flags": [],
    "prefer-stable": false,
    "prefer-lowest": false,
    "platform": [],
    "platform-dev": []
}
